
Microsoft Visual Studio Solution File, Format Version 12.00
# Visual Studio 15
VisualStudioVersion = 15.0.28307.572
MinimumVisualStudioVersion = 10.0.40219.1
Project("{9A19103F-16F7-4668-BE54-9A1E7A4F7556}") = "ENT.WebApi", "ENT.WebApi\ENT.WebApi.csproj", "{6C1353D6-A2E9-4AA4-98C9-15EBD2D007A1}"
EndProject
Project("{9A19103F-16F7-4668-BE54-9A1E7A4F7556}") = "ENT.Web.UI", "ENT.Web.UI\ENT.Web.UI.csproj", "{2A805242-28A6-4015-B69E-449DC9529F2A}"
EndProject
Global
	GlobalSection(SolutionConfigurationPlatforms) = preSolution
		Debug|Any CPU = Debug|Any CPU
		Release|Any CPU = Release|Any CPU
	EndGlobalSection
	GlobalSection(ProjectConfigurationPlatforms) = postSolution
		{6C1353D6-A2E9-4AA4-98C9-15EBD2D007A1}.Debug|Any CPU.ActiveCfg = Debug|Any CPU
		{6C1353D6-A2E9-4AA4-98C9-15EBD2D007A1}.Debug|Any CPU.Build.0 = Debug|Any CPU
		{6C1353D6-A2E9-4AA4-98C9-15EBD2D007A1}.Release|Any CPU.ActiveCfg = Release|Any CPU
		{6C1353D6-A2E9-4AA4-98C9-15EBD2D007A1}.Release|Any CPU.Build.0 = Release|Any CPU
		{2A805242-28A6-4015-B69E-449DC9529F2A}.Debug|Any CPU.ActiveCfg = Debug|Any CPU
		{2A805242-28A6-4015-B69E-449DC9529F2A}.Debug|Any CPU.Build.0 = Debug|Any CPU
		{2A805242-28A6-4015-B69E-449DC9529F2A}.Release|Any CPU.ActiveCfg = Release|Any CPU
		{2A805242-28A6-4015-B69E-449DC9529F2A}.Release|Any CPU.Build.0 = Release|Any CPU
	EndGlobalSection
	GlobalSection(SolutionProperties) = preSolution
		HideSolutionNode = FALSE
	EndGlobalSection
	GlobalSection(ExtensibilityGlobals) = postSolution
		SolutionGuid = {A885D9BD-77F8-42B1-BFDA-F9D535EC54A7}
	EndGlobalSection
EndGlobal
